
Microsoft Visual Studio Solution File, Format Version 12.00
# Visual Studio 15
VisualStudioVersion = 15.0.28010.2036
MinimumVisualStudioVersion = 10.0.40219.1
Project("{F14B399A-7131-4C87-9E4B-1186C45EF12D}") = "MBASystem-Example", "MBASystem-Example\MBASystem-Example.rptproj", "{66CD464B-0B62-4C05-AB21-8C69A37F709F}"
EndProject
Global
	GlobalSection(SolutionConfigurationPlatforms) = preSolution
		Debug|Default = Debug|Default
		DebugLocal|Default = DebugLocal|Default
		Release|Default = Release|Default
	EndGlobalSection
	GlobalSection(ProjectConfigurationPlatforms) = postSolution
		{66CD464B-0B62-4C05-AB21-8C69A37F709F}.Debug|Default.ActiveCfg = Debug
		{66CD464B-0B62-4C05-AB21-8C69A37F709F}.Debug|Default.Build.0 = Debug
		{66CD464B-0B62-4C05-AB21-8C69A37F709F}.Debug|Default.Deploy.0 = Debug
		{66CD464B-0B62-4C05-AB21-8C69A37F709F}.DebugLocal|Default.ActiveCfg = DebugLocal
		{66CD464B-0B62-4C05-AB21-8C69A37F709F}.DebugLocal|Default.Build.0 = DebugLocal
		{66CD464B-0B62-4C05-AB21-8C69A37F709F}.Release|Default.ActiveCfg = Release
		{66CD464B-0B62-4C05-AB21-8C69A37F709F}.Release|Default.Build.0 = Release
		{66CD464B-0B62-4C05-AB21-8C69A37F709F}.Release|Default.Deploy.0 = Release
	EndGlobalSection
	GlobalSection(SolutionProperties) = preSolution
		HideSolutionNode = FALSE
	EndGlobalSection
	GlobalSection(ExtensibilityGlobals) = postSolution
		SolutionGuid = {B423D839-76D6-4659-9757-2A4047C20616}
	EndGlobalSection
EndGlobal
